
Microsoft Visual Studio Solution File, Format Version 12.00
# Visual Studio Version 17
VisualStudioVersion = 17.13.35931.197 d17.13
MinimumVisualStudioVersion = 10.0.40219.1
Project("{FAE04EC0-301F-11D3-BF4B-00C04F79EFBC}") = "HW2", "HW2\HW2.csproj", "{C2EFD670-10B3-4365-9829-1CD866F918F2}"
EndProject
Global
	GlobalSection(SolutionConfigurationPlatforms) = preSolution
		Debug|Any CPU = Debug|Any CPU
		Release|Any CPU = Release|Any CPU
	EndGlobalSection
	GlobalSection(ProjectConfigurationPlatforms) = postSolution
		{C2EFD670-10B3-4365-9829-1CD866F918F2}.Debug|Any CPU.ActiveCfg = Debug|Any CPU
		{C2EFD670-10B3-4365-9829-1CD866F918F2}.Debug|Any CPU.Build.0 = Debug|Any CPU
		{C2EFD670-10B3-4365-9829-1CD866F918F2}.Release|Any CPU.ActiveCfg = Release|Any CPU
		{C2EFD670-10B3-4365-9829-1CD866F918F2}.Release|Any CPU.Build.0 = Release|Any CPU
	EndGlobalSection
	GlobalSection(SolutionProperties) = preSolution
		HideSolutionNode = FALSE
	EndGlobalSection
	GlobalSection(ExtensibilityGlobals) = postSolution
		SolutionGuid = {C2000563-E186-4B82-AA86-1B5EFB04AB84}
	EndGlobalSection
EndGlobal
